<Solution>
  <Project Path="E_Commerce_SystemERD_Models/E_Commerce_SystemERD_Models.csproj" Id="e0d23a88-b012-47fe-96bb-81add7f324ca" />
  <Project Path="FirstWebApp/FirstWebApp.csproj" Id="4e21c3d0-b8e2-4ff0-8989-ab39f1d9d16e" />
  <Project Path="FlightManagementSystem/FlightManagementSystem.csproj" />
  <Project Path="UniversityManagementSystem/UniversityManagementSystem.csproj" Id="c19c6624-740c-4c6f-9cbd-d333cb6e059f" />
</Solution>
